
Microsoft Visual Studio Solution File, Format Version 12.00
# Visual Studio 2012
Project("{FAE04EC0-301F-11D3-BF4B-00C04F79EFBC}") = "TrabARQSI", "TrabARQSI\TrabARQSI.csproj", "{97696765-0F54-4461-A128-CDC2EC6A15FD}"
EndProject
Project("{FAE04EC0-301F-11D3-BF4B-00C04F79EFBC}") = "Table_Model", "Table_Model\Table_Model.csproj", "{BAAE0A25-B554-4DF6-8555-0432D4440514}"
EndProject
Global
	GlobalSection(SolutionConfigurationPlatforms) = preSolution
		Debug|Any CPU = Debug|Any CPU
		Release|Any CPU = Release|Any CPU
	EndGlobalSection
	GlobalSection(ProjectConfigurationPlatforms) = postSolution
		{97696765-0F54-4461-A128-CDC2EC6A15FD}.Debug|Any CPU.ActiveCfg = Debug|Any CPU
		{97696765-0F54-4461-A128-CDC2EC6A15FD}.Debug|Any CPU.Build.0 = Debug|Any CPU
		{97696765-0F54-4461-A128-CDC2EC6A15FD}.Release|Any CPU.ActiveCfg = Release|Any CPU
		{97696765-0F54-4461-A128-CDC2EC6A15FD}.Release|Any CPU.Build.0 = Release|Any CPU
		{BAAE0A25-B554-4DF6-8555-0432D4440514}.Debug|Any CPU.ActiveCfg = Debug|Any CPU
		{BAAE0A25-B554-4DF6-8555-0432D4440514}.Debug|Any CPU.Build.0 = Debug|Any CPU
		{BAAE0A25-B554-4DF6-8555-0432D4440514}.Release|Any CPU.ActiveCfg = Release|Any CPU
		{BAAE0A25-B554-4DF6-8555-0432D4440514}.Release|Any CPU.Build.0 = Release|Any CPU
	EndGlobalSection
	GlobalSection(SolutionProperties) = preSolution
		HideSolutionNode = FALSE
	EndGlobalSection
EndGlobal
